{
  "name": "daptor",
  "version": "1.1.0",
  "lockfileVersion": 3,
  "requires": true,
  "packages": {
    "": {
      "name": "daptor",
      "version": "1.1.0",
      "license": "MIT",
      "bin": {
        "daptor": "bin/daptor.js"
      },
      "engines": {
        "node": ">=18"
      }
    }
  }
}
